
Microsoft Visual Studio Solution File, Format Version 12.00
# Visual Studio Version 17
VisualStudioVersion = 17.10.35027.167
MinimumVisualStudioVersion = 10.0.40219.1
Project("{FAE04EC0-301F-11D3-BF4B-00C04F79EFBC}") = "01_MainSubjects", "01_MainSubjects\01_MainSubjects.csproj", "{E02BC0BE-C6F3-4919-88DF-45A2E883E607}"
EndProject
Project("{FAE04EC0-301F-11D3-BF4B-00C04F79EFBC}") = "02_Variables", "02_Variables\02_Variables.csproj", "{9AFB96C9-B682-430C-8647-A52372694E01}"
EndProject
Project("{FAE04EC0-301F-11D3-BF4B-00C04F79EFBC}") = "03_MakingDecision", "03_MakingDecision\03_MakingDecision.csproj", "{DCD9F7E3-4008-43AD-AD60-27CD984AA6E5}"
EndProject
Project("{FAE04EC0-301F-11D3-BF4B-00C04F79EFBC}") = "04_Loops", "04_Loops\04_Loops.csproj", "{61E62AA2-E629-4BDD-9A45-DAECF760236A}"
EndProject
Project("{FAE04EC0-301F-11D3-BF4B-00C04F79EFBC}") = "05_LoopsWithStars", "05_LoopsWithStars\05_LoopsWithStars.csproj", "{6685F860-FC3D-425C-B513-93C632223570}"
EndProject
Project("{FAE04EC0-301F-11D3-BF4B-00C04F79EFBC}") = "06_Arrays", "06_Arrays\06_Arrays.csproj", "{88EBC8BD-1A98-4F7F-B9C4-9179C6CBADE4}"
EndProject
Global
	GlobalSection(SolutionConfigurationPlatforms) = preSolution
		Debug|Any CPU = Debug|Any CPU
		Release|Any CPU = Release|Any CPU
	EndGlobalSection
	GlobalSection(ProjectConfigurationPlatforms) = postSolution
		{E02BC0BE-C6F3-4919-88DF-45A2E883E607}.Debug|Any CPU.ActiveCfg = Debug|Any CPU
		{E02BC0BE-C6F3-4919-88DF-45A2E883E607}.Debug|Any CPU.Build.0 = Debug|Any CPU
		{E02BC0BE-C6F3-4919-88DF-45A2E883E607}.Release|Any CPU.ActiveCfg = Release|Any CPU
		{E02BC0BE-C6F3-4919-88DF-45A2E883E607}.Release|Any CPU.Build.0 = Release|Any CPU
		{9AFB96C9-B682-430C-8647-A52372694E01}.Debug|Any CPU.ActiveCfg = Debug|Any CPU
		{9AFB96C9-B682-430C-8647-A52372694E01}.Debug|Any CPU.Build.0 = Debug|Any CPU
		{9AFB96C9-B682-430C-8647-A52372694E01}.Release|Any CPU.ActiveCfg = Release|Any CPU
		{9AFB96C9-B682-430C-8647-A52372694E01}.Release|Any CPU.Build.0 = Release|Any CPU
		{DCD9F7E3-4008-43AD-AD60-27CD984AA6E5}.Debug|Any CPU.ActiveCfg = Debug|Any CPU
		{DCD9F7E3-4008-43AD-AD60-27CD984AA6E5}.Debug|Any CPU.Build.0 = Debug|Any CPU
		{DCD9F7E3-4008-43AD-AD60-27CD984AA6E5}.Release|Any CPU.ActiveCfg = Release|Any CPU
		{DCD9F7E3-4008-43AD-AD60-27CD984AA6E5}.Release|Any CPU.Build.0 = Release|Any CPU
		{61E62AA2-E629-4BDD-9A45-DAECF760236A}.Debug|Any CPU.ActiveCfg = Debug|Any CPU
		{61E62AA2-E629-4BDD-9A45-DAECF760236A}.Debug|Any CPU.Build.0 = Debug|Any CPU
		{61E62AA2-E629-4BDD-9A45-DAECF760236A}.Release|Any CPU.ActiveCfg = Release|Any CPU
		{61E62AA2-E629-4BDD-9A45-DAECF760236A}.Release|Any CPU.Build.0 = Release|Any CPU
		{6685F860-FC3D-425C-B513-93C632223570}.Debug|Any CPU.ActiveCfg = Debug|Any CPU
		{6685F860-FC3D-425C-B513-93C632223570}.Debug|Any CPU.Build.0 = Debug|Any CPU
		{6685F860-FC3D-425C-B513-93C632223570}.Release|Any CPU.ActiveCfg = Release|Any CPU
		{6685F860-FC3D-425C-B513-93C632223570}.Release|Any CPU.Build.0 = Release|Any CPU
		{88EBC8BD-1A98-4F7F-B9C4-9179C6CBADE4}.Debug|Any CPU.ActiveCfg = Debug|Any CPU
		{88EBC8BD-1A98-4F7F-B9C4-9179C6CBADE4}.Debug|Any CPU.Build.0 = Debug|Any CPU
		{88EBC8BD-1A98-4F7F-B9C4-9179C6CBADE4}.Release|Any CPU.ActiveCfg = Release|Any CPU
		{88EBC8BD-1A98-4F7F-B9C4-9179C6CBADE4}.Release|Any CPU.Build.0 = Release|Any CPU
	EndGlobalSection
	GlobalSection(SolutionProperties) = preSolution
		HideSolutionNode = FALSE
	EndGlobalSection
	GlobalSection(ExtensibilityGlobals) = postSolution
		SolutionGuid = {EC26762D-A2D3-47CC-BB9D-6ADB5825159D}
	EndGlobalSection
EndGlobal
